<?xml version="1.0" encoding="utf-8"?>
<Project ToolsVersion="4.0" xmlns="http://schemas.microsoft.com/developer/msbuild/2003">
  <ItemGroup>
    <Filter Include="Source Files">
      <UniqueIdentifier>{c26fe15c-2473-4077-b233-20f75ae57e62}</UniqueIdentifier>
      <Extensions>.c</Extensions>
    </Filter>
    <Filter Include="Header Files">
      <UniqueIdentifier>{4820106b-be7e-4dac-b4e4-a00eb6f4bd42}</UniqueIdentifier>
    </Filter>
  </ItemGroup>
  <ItemGroup>
    <ClCompile Include="..\..\Include\Source\PDFLInitHFT.c">
      <Filter>Source Files</Filter>
    </ClCompile>
    <ClCompile Include="..\..\Include\Source\PDFLInitCommon.c">
      <Filter>Source Files</Filter>
    </ClCompile>
    <ClCompile Include="..\..\Samples\utils\MyPDFLibUtils.cpp">
      <Filter>Source Files</Filter>
    </ClCompile>
    <ClCompile Include="addElements.cpp">
      <Filter>Source Files</Filter>
    </ClCompile>
  </ItemGroup>
  <ItemGroup>
    <ClInclude Include="..\..\Samples\utils\MyPDFLibUtils.h">
      <Filter>Header Files</Filter>
    </ClInclude>
  </ItemGroup>
</Project>